{
  "requires": true,
  "lockfileVersion": 1,
  "dependencies": {
    "cornerstone-core": {
      "version": "2.3.0",
      "resolved": "https://registry.npmjs.org/cornerstone-core/-/cornerstone-core-2.3.0.tgz",
      "integrity": "sha512-1LiCfRIlQvR1j8OhF7/3pvvQvvnTYZUywEkuoEo5K5mMrlKdrQMS75uW1uXb/nXShQDJyyjtTCQSVGgv2yHA+w=="
    }
  }
}
